
Microsoft Visual Studio Solution File, Format Version 12.00
# Visual Studio Version 17
VisualStudioVersion = 17.14.36518.9 d17.14
MinimumVisualStudioVersion = 10.0.40219.1
Project("{FAE04EC0-301F-11D3-BF4B-00C04F79EFBC}") = "PolyGlotTranslator", "PolyGlotTranslator.csproj", "{35CDABF5-CD55-43E1-96FF-AE89798EC54C}"
EndProject
Global
	GlobalSection(SolutionConfigurationPlatforms) = preSolution
		Debug|Any CPU = Debug|Any CPU
		Release|Any CPU = Release|Any CPU
	EndGlobalSection
	GlobalSection(ProjectConfigurationPlatforms) = postSolution
		{35CDABF5-CD55-43E1-96FF-AE89798EC54C}.Debug|Any CPU.ActiveCfg = Debug|Any CPU
		{35CDABF5-CD55-43E1-96FF-AE89798EC54C}.Debug|Any CPU.Build.0 = Debug|Any CPU
		{35CDABF5-CD55-43E1-96FF-AE89798EC54C}.Release|Any CPU.ActiveCfg = Release|Any CPU
		{35CDABF5-CD55-43E1-96FF-AE89798EC54C}.Release|Any CPU.Build.0 = Release|Any CPU
	EndGlobalSection
	GlobalSection(SolutionProperties) = preSolution
		HideSolutionNode = FALSE
	EndGlobalSection
	GlobalSection(ExtensibilityGlobals) = postSolution
		SolutionGuid = {0DF2082F-F8DA-4244-8283-5A3579785490}
	EndGlobalSection
EndGlobal
